// !$*UTF8*$!
{
	archiveVersion = 1;
	classes = {
	};
	objectVersion = 50;
	objects = {

/* Begin PBXBuildFile section */
		E94CC3EF26A76F710030E1AC /* MainViewTV.swift in Sources */ = {isa = PBXBuildFile; fileRef = E94CC3EE26A76F710030E1AC /* MainViewTV.swift */; };
		E94CC3F126A76FE40030E1AC /* MainViewControllerTV.swift in Sources */ = {isa = PBXBuildFile; fileRef = E94CC3F026A76FE40030E1AC /* MainViewControllerTV.swift */; };
		E99861D426A0D8070059F578 /* AppDelegate.swift in Sources */ = {isa = PBXBuildFile; fileRef = E99861D326A0D8070059F578 /* AppDelegate.swift */; };
		E99861D626A0D8070059F578 /* SceneDelegate.swift in Sources */ = {isa = PBXBuildFile; fileRef = E99861D526A0D8070059F578 /* SceneDelegate.swift */; };
		E99861D826A0D8070059F578 /* MainViewControllerCV.swift in Sources */ = {isa = PBXBuildFile; fileRef = E99861D726A0D8070059F578 /* MainViewControllerCV.swift */; };
		E99861DE26A0D8070059F578 /* Collection_App.xcdatamodeld in Sources */ = {isa = PBXBuildFile; fileRef = E99861DC26A0D8070059F578 /* Collection_App.xcdatamodeld */; };
		E99861E026A0D8080059F578 /* Assets.xcassets in Resources */ = {isa = PBXBuildFile; fileRef = E99861DF26A0D8080059F578 /* Assets.xcassets */; };
		E99861E326A0D8080059F578 /* LaunchScreen.storyboard in Resources */ = {isa = PBXBuildFile; fileRef = E99861E126A0D8080059F578 /* LaunchScreen.storyboard */; };
		E9A65B9526A5FF050069EECF /* MainViewCV.swift in Sources */ = {isa = PBXBuildFile; fileRef = E9A65B9426A5FF050069EECF /* MainViewCV.swift */; };
/* End PBXBuildFile section */

/* Begin PBXFileReference section */
		E94CC3EE26A76F710030E1AC /* MainViewTV.swift */ = {isa = PBXFileReference; lastKnownFileType = sourcecode.swift; path = MainViewTV.swift; sourceTree = "<group>"; };
		E94CC3F026A76FE40030E1AC /* MainViewControllerTV.swift */ = {isa = PBXFileReference; lastKnownFileType = sourcecode.swift; path = MainViewControllerTV.swift; sourceTree = "<group>"; };
		E99861D026A0D8070059F578 /* Collection App.app */ = {isa = PBXFileReference; explicitFileType = wrapper.application; includeInIndex = 0; path = "Collection App.app"; sourceTree = BUILT_PRODUCTS_DIR; };
		E99861D326A0D8070059F578 /* AppDelegate.swift */ = {isa = PBXFileReference; lastKnownFileType = sourcecode.swift; path = AppDelegate.swift; sourceTree = "<group>"; };
		E99861D526A0D8070059F578 /* SceneDelegate.swift */ = {isa = PBXFileReference; lastKnownFileType = sourcecode.swift; path = SceneDelegate.swift; sourceTree = "<group>"; };
		E99861D726A0D8070059F578 /* MainViewControllerCV.swift */ = {isa = PBXFileReference; lastKnownFileType = sourcecode.swift; path = MainViewControllerCV.swift; sourceTree = "<group>"; };
		E99861DD26A0D8070059F578 /* Collection_App.xcdatamodel */ = {isa = PBXFileReference; lastKnownFileType = wrapper.xcdatamodel; path = Collection_App.xcdatamodel; sourceTree = "<group>"; };
		E99861DF26A0D8080059F578 /* Assets.xcassets */ = {isa = PBXFileReference; lastKnownFileType = folder.assetcatalog; path = Assets.xcassets; sourceTree = "<group>"; };
		E99861E226A0D8080059F578 /* Base */ = {isa = PBXFileReference; lastKnownFileType = file.storyboard; name = Base; path = Base.lproj/LaunchScreen.storyboard; sourceTree = "<group>"; };
		E99861E426A0D8080059F578 /* Info.plist */ = {isa = PBXFileReference; lastKnownFileType = text.plist.xml; path = Info.plist; sourceTree = "<group>"; };
		E9A65B9426A5FF050069EECF /* MainViewCV.swift */ = {isa = PBXFileReference; lastKnownFileType = sourcecode.swift; path = MainViewCV.swift; sourceTree = "<group>"; };
/* End PBXFileReference section */

/* Begin PBXFrameworksBuildPhase section */
		E99861CD26A0D8070059F578 /* Frameworks */ = {
			isa = PBXFrameworksBuildPhase;
			buildActionMask = 2147483647;
			files = (
			);
			runOnlyForDeploymentPostprocessing = 0;
		};
/* End PBXFrameworksBuildPhase section */

/* Begin PBXGroup section */
		E99861C726A0D8070059F578 = {
			isa = PBXGroup;
			children = (
				E99861D226A0D8070059F578 /* Collection App */,
				E99861D126A0D8070059F578 /* Products */,
			);
			sourceTree = "<group>";
		};
		E99861D126A0D8070059F578 /* Products */ = {
			isa = PBXGroup;
			children = (
				E99861D026A0D8070059F578 /* Collection App.app */,
			);
			name = Products;
			sourceTree = "<group>";
		};
		E99861D226A0D8070059F578 /* Collection App */ = {
			isa = PBXGroup;
			children = (
				E99861ED26A0D9230059F578 /* Core Data */,
				E99861EA26A0D8740059F578 /* Delegates */,
				E99861EE26A0D95D0059F578 /* Storyboard */,
				E99861EB26A0D8980059F578 /* View Controllers */,
				E99861EC26A0D8F40059F578 /* Views */,
				E99861DF26A0D8080059F578 /* Assets.xcassets */,
				E99861E426A0D8080059F578 /* Info.plist */,
			);
			path = "Collection App";
			sourceTree = "<group>";
		};
		E99861EA26A0D8740059F578 /* Delegates */ = {
			isa = PBXGroup;
			children = (
				E99861D326A0D8070059F578 /* AppDelegate.swift */,
				E99861D526A0D8070059F578 /* SceneDelegate.swift */,
			);
			path = Delegates;
			sourceTree = "<group>";
		};
		E99861EB26A0D8980059F578 /* View Controllers */ = {
			isa = PBXGroup;
			children = (
				E99861D726A0D8070059F578 /* MainViewControllerCV.swift */,
				E94CC3F026A76FE40030E1AC /* MainViewControllerTV.swift */,
			);
			path = "View Controllers";
			sourceTree = "<group>";
		};
		E99861EC26A0D8F40059F578 /* Views */ = {
			isa = PBXGroup;
			children = (
				E9A65B9426A5FF050069EECF /* MainViewCV.swift */,
				E94CC3EE26A76F710030E1AC /* MainViewTV.swift */,
			);
			path = Views;
			sourceTree = "<group>";
		};
		E99861ED26A0D9230059F578 /* Core Data */ = {
			isa = PBXGroup;
			children = (
				E99861DC26A0D8070059F578 /* Collection_App.xcdatamodeld */,
			);
			path = "Core Data";
			sourceTree = "<group>";
		};
		E99861EE26A0D95D0059F578 /* Storyboard */ = {
			isa = PBXGroup;
			children = (
				E99861E126A0D8080059F578 /* LaunchScreen.storyboard */,
			);
			path = Storyboard;
			sourceTree = "<group>";
		};
/* End PBXGroup section */

/* Begin PBXNativeTarget section */
		E99861CF26A0D8070059F578 /* Collection App */ = {
			isa = PBXNativeTarget;
			buildConfigurationList = E99861E726A0D8080059F578 /* Build configuration list for PBXNativeTarget "Collection App" */;
			buildPhases = (
				E99861CC26A0D8070059F578 /* Sources */,
				E99861CD26A0D8070059F578 /* Frameworks */,
				E99861CE26A0D8070059F578 /* Resources */,
			);
			buildRules = (
			);
			dependencies = (
			);
			name = "Collection App";
			productName = "Collection App";
			productReference = E99861D026A0D8070059F578 /* Collection App.app */;
			productType = "com.apple.product-type.application";
		};
/* End PBXNativeTarget section */

/* Begin PBXProject section */
		E99861C826A0D8070059F578 /* Project object */ = {
			isa = PBXProject;
			attributes = {
				LastSwiftUpdateCheck = 1250;
				LastUpgradeCheck = 1250;
				TargetAttributes = {
					E99861CF26A0D8070059F578 = {
						CreatedOnToolsVersion = 12.5.1;
					};
				};
			};
			buildConfigurationList = E99861CB26A0D8070059F578 /* Build configuration list for PBXProject "Collection App" */;
			compatibilityVersion = "Xcode 9.3";
			developmentRegion = en;
			hasScannedForEncodings = 0;
			knownRegions = (
				en,
				Base,
			);
			mainGroup = E99861C726A0D8070059F578;
			productRefGroup = E99861D126A0D8070059F578 /* Products */;
			projectDirPath = "";
			projectRoot = "";
			targets = (
				E99861CF26A0D8070059F578 /* Collection App */,
			);
		};
/* End PBXProject section */

/* Begin PBXResourcesBuildPhase section */
		E99861CE26A0D8070059F578 /* Resources */ = {
			isa = PBXResourcesBuildPhase;
			buildActionMask = 2147483647;
			files = (
				E99861E326A0D8080059F578 /* LaunchScreen.storyboard in Resources */,
				E99861E026A0D8080059F578 /* Assets.xcassets in Resources */,
			);
			runOnlyForDeploymentPostprocessing = 0;
		};
/* End PBXResourcesBuildPhase section */

/* Begin PBXSourcesBuildPhase section */
		E99861CC26A0D8070059F578 /* Sources */ = {
			isa = PBXSourcesBuildPhase;
			buildActionMask = 2147483647;
			files = (
				E99861D826A0D8070059F578 /* MainViewControllerCV.swift in Sources */,
				E99861D426A0D8070059F578 /* AppDelegate.swift in Sources */,
				E94CC3F126A76FE40030E1AC /* MainViewControllerTV.swift in Sources */,
				E99861D626A0D8070059F578 /* SceneDelegate.swift in Sources */,
				E9A65B9526A5FF050069EECF /* MainViewCV.swift in Sources */,
				E99861DE26A0D8070059F578 /* Collection_App.xcdatamodeld in Sources */,
				E94CC3EF26A76F710030E1AC /* MainViewTV.swift in Sources */,
			);
			runOnlyForDeploymentPostprocessing = 0;
		};
/* End PBXSourcesBuildPhase section */

/* Begin PBXVariantGroup section */
		E99861E126A0D8080059F578 /* LaunchScreen.storyboard */ = {
			isa = PBXVariantGroup;
			children = (
				E99861E226A0D8080059F578 /* Base */,
			);
			name = LaunchScreen.storyboard;
			sourceTree = "<group>";
		};
/* End PBXVariantGroup section */

/* Begin XCBuildConfiguration section */
		E99861E526A0D8080059F578 /* Debug */ = {
			isa = XCBuildConfiguration;
			buildSettings = {
				ALWAYS_SEARCH_USER_PATHS = NO;
				CLANG_ANALYZER_NONNULL = YES;
				CLANG_ANALYZER_NUMBER_OBJECT_CONVERSION = YES_AGGRESSIVE;
				CLANG_CXX_LANGUAGE_STANDARD = "gnu++14";
				CLANG_CXX_LIBRARY = "libc++";
				CLANG_ENABLE_MODULES = YES;
				CLANG_ENABLE_OBJC_ARC = YES;
				CLANG_ENABLE_OBJC_WEAK = YES;
				CLANG_WARN_BLOCK_CAPTURE_AUTORELEASING = YES;
				CLANG_WARN_BOOL_CONVERSION = YES;
				CLANG_WARN_COMMA = YES;
				CLANG_WARN_CONSTANT_CONVERSION = YES;
				CLANG_WARN_DEPRECATED_OBJC_IMPLEMENTATIONS = YES;
				CLANG_WARN_DIRECT_OBJC_ISA_USAGE = YES_ERROR;
				CLANG_WARN_DOCUMENTATION_COMMENTS = YES;
				CLANG_WARN_EMPTY_BODY = YES;
				CLANG_WARN_ENUM_CONVERSION = YES;
				CLANG_WARN_INFINITE_RECURSION = YES;
				CLANG_WARN_INT_CONVERSION = YES;
				CLANG_WARN_NON_LITERAL_NULL_CONVERSION = YES;
				CLANG_WARN_OBJC_IMPLICIT_RETAIN_SELF = YES;
				CLANG_WARN_OBJC_LITERAL_CONVERSION = YES;
				CLANG_WARN_OBJC_ROOT_CLASS = YES_ERROR;
				CLANG_WARN_QUOTED_INCLUDE_IN_FRAMEWORK_HEADER = YES;
				CLANG_WARN_RANGE_LOOP_ANALYSIS = YES;
				CLANG_WARN_STRICT_PROTOTYPES = YES;
				CLANG_WARN_SUSPICIOUS_MOVE = YES;
				CLANG_WARN_UNGUARDED_AVAILABILITY = YES_AGGRESSIVE;
				CLANG_WARN_UNREACHABLE_CODE = YES;
				CLANG_WARN__DUPLICATE_METHOD_MATCH = YES;
				COPY_PHASE_STRIP = NO;
				DEBUG_INFORMATION_FORMAT = dwarf;
				ENABLE_STRICT_OBJC_MSGSEND = YES;
				ENABLE_TESTABILITY = YES;
				GCC_C_LANGUAGE_STANDARD = gnu11;
				GCC_DYNAMIC_NO_PIC = NO;
				GCC_NO_COMMON_BLOCKS = YES;
				GCC_OPTIMIZATION_LEVEL = 0;
				GCC_PREPROCESSOR_DEFINITIONS = (
					"DEBUG=1",
					"$(inherited)",
				);
				GCC_WARN_64_TO_32_BIT_CONVERSION = YES;
				GCC_WARN_ABOUT_RETURN_TYPE = YES_ERROR;
				GCC_WARN_UNDECLARED_SELECTOR = YES;
				GCC_WARN_UNINITIALIZED_AUTOS = YES_AGGRESSIVE;
				GCC_WARN_UNUSED_FUNCTION = YES;
				GCC_WARN_UNUSED_VARIABLE = YES;
				IPHONEOS_DEPLOYMENT_TARGET = 14.5;
				MTL_ENABLE_DEBUG_INFO = INCLUDE_SOURCE;
				MTL_FAST_MATH = YES;
				ONLY_ACTIVE_ARCH = YES;
				SDKROOT = iphoneos;
				SWIFT_ACTIVE_COMPILATION_CONDITIONS = DEBUG;
				SWIFT_OPTIMIZATION_LEVEL = "-Onone";
			};
			name = Debug;
		};
		E99861E626A0D8080059F578 /* Release */ = {
			isa = XCBuildConfiguration;
			buildSettings = {
				ALWAYS_SEARCH_USER_PATHS = NO;
				CLANG_ANALYZER_NONNULL = YES;
				CLANG_ANALYZER_NUMBER_OBJECT_CONVERSION = YES_AGGRESSIVE;
				CLANG_CXX_LANGUAGE_STANDARD = "gnu++14";
				CLANG_CXX_LIBRARY = "libc++";
				CLANG_ENABLE_MODULES = YES;
				CLANG_ENABLE_OBJC_ARC = YES;
				CLANG_ENABLE_OBJC_WEAK = YES;
				CLANG_WARN_BLOCK_CAPTURE_AUTORELEASING = YES;
				CLANG_WARN_BOOL_CONVERSION = YES;
				CLANG_WARN_COMMA = YES;
				CLANG_WARN_CONSTANT_CONVERSION = YES;
				CLANG_WARN_DEPRECATED_OBJC_IMPLEMENTATIONS = YES;
				CLANG_WARN_DIRECT_OBJC_ISA_USAGE = YES_ERROR;
				CLANG_WARN_DOCUMENTATION_COMMENTS = YES;
				CLANG_WARN_EMPTY_BODY = YES;
				CLANG_WARN_ENUM_CONVERSION = YES;
				CLANG_WARN_INFINITE_RECURSION = YES;
				CLANG_WARN_INT_CONVERSION = YES;
				CLANG_WARN_NON_LITERAL_NULL_CONVERSION = YES;
				CLANG_WARN_OBJC_IMPLICIT_RETAIN_SELF = YES;
				CLANG_WARN_OBJC_LITERAL_CONVERSION = YES;
				CLANG_WARN_OBJC_ROOT_CLASS = YES_ERROR;
				CLANG_WARN_QUOTED_INCLUDE_IN_FRAMEWORK_HEADER = YES;
				CLANG_WARN_RANGE_LOOP_ANALYSIS = YES;
				CLANG_WARN_STRICT_PROTOTYPES = YES;
				CLANG_WARN_SUSPICIOUS_MOVE = YES;
				CLANG_WARN_UNGUARDED_AVAILABILITY = YES_AGGRESSIVE;
				CLANG_WARN_UNREACHABLE_CODE = YES;
				CLANG_WARN__DUPLICATE_METHOD_MATCH = YES;
				COPY_PHASE_STRIP = NO;
				DEBUG_INFORMATION_FORMAT = "dwarf-with-dsym";
				ENABLE_NS_ASSERTIONS = NO;
				ENABLE_STRICT_OBJC_MSGSEND = YES;
				GCC_C_LANGUAGE_STANDARD = gnu11;
				GCC_NO_COMMON_BLOCKS = YES;
				GCC_WARN_64_TO_32_BIT_CONVERSION = YES;
				GCC_WARN_ABOUT_RETURN_TYPE = YES_ERROR;
				GCC_WARN_UNDECLARED_SELECTOR = YES;
				GCC_WARN_UNINITIALIZED_AUTOS = YES_AGGRESSIVE;
				GCC_WARN_UNUSED_FUNCTION = YES;
				GCC_WARN_UNUSED_VARIABLE = YES;
				IPHONEOS_DEPLOYMENT_TARGET = 14.5;
				MTL_ENABLE_DEBUG_INFO = NO;
				MTL_FAST_MATH = YES;
				SDKROOT = iphoneos;
				SWIFT_COMPILATION_MODE = wholemodule;
				SWIFT_OPTIMIZATION_LEVEL = "-O";
				VALIDATE_PRODUCT = YES;
			};
			name = Release;
		};
		E99861E826A0D8080059F578 /* Debug */ = {
			isa = XCBuildConfiguration;
			buildSettings = {
				ASSETCATALOG_COMPILER_APPICON_NAME = AppIcon;
				ASSETCATALOG_COMPILER_GLOBAL_ACCENT_COLOR_NAME = AccentColor;
				CODE_SIGN_STYLE = Automatic;
				DEVELOPMENT_TEAM = B47883TN4D;
				INFOPLIST_FILE = "Collection App/Info.plist";
				LD_RUNPATH_SEARCH_PATHS = (
					"$(inherited)",
					"@executable_path/Frameworks",
				);
				MARKETING_VERSION = 0.1;
				PRODUCT_BUNDLE_IDENTIFIER = "br.dev.nathalia.Collection-App";
				PRODUCT_NAME = "$(TARGET_NAME)";
				SWIFT_VERSION = 5.0;
				TARGETED_DEVICE_FAMILY = 1;
			};
			name = Debug;
		};
		E99861E926A0D8080059F578 /* Release */ = {
			isa = XCBuildConfiguration;
			buildSettings = {
				ASSETCATALOG_COMPILER_APPICON_NAME = AppIcon;
				ASSETCATALOG_COMPILER_GLOBAL_ACCENT_COLOR_NAME = AccentColor;
				CODE_SIGN_STYLE = Automatic;
				DEVELOPMENT_TEAM = B47883TN4D;
				INFOPLIST_FILE = "Collection App/Info.plist";
				LD_RUNPATH_SEARCH_PATHS = (
					"$(inherited)",
					"@executable_path/Frameworks",
				);
				MARKETING_VERSION = 0.1;
				PRODUCT_BUNDLE_IDENTIFIER = "br.dev.nathalia.Collection-App";
				PRODUCT_NAME = "$(TARGET_NAME)";
				SWIFT_VERSION = 5.0;
				TARGETED_DEVICE_FAMILY = 1;
			};
			name = Release;
		};
/* End XCBuildConfiguration section */

/* Begin XCConfigurationList section */
		E99861CB26A0D8070059F578 /* Build configuration list for PBXProject "Collection App" */ = {
			isa = XCConfigurationList;
			buildConfigurations = (
				E99861E526A0D8080059F578 /* Debug */,
				E99861E626A0D8080059F578 /* Release */,
			);
			defaultConfigurationIsVisible = 0;
			defaultConfigurationName = Release;
		};
		E99861E726A0D8080059F578 /* Build configuration list for PBXNativeTarget "Collection App" */ = {
			isa = XCConfigurationList;
			buildConfigurations = (
				E99861E826A0D8080059F578 /* Debug */,
				E99861E926A0D8080059F578 /* Release */,
			);
			defaultConfigurationIsVisible = 0;
			defaultConfigurationName = Release;
		};
/* End XCConfigurationList section */

/* Begin XCVersionGroup section */
		E99861DC26A0D8070059F578 /* Collection_App.xcdatamodeld */ = {
			isa = XCVersionGroup;
			children = (
				E99861DD26A0D8070059F578 /* Collection_App.xcdatamodel */,
			);
			currentVersion = E99861DD26A0D8070059F578 /* Collection_App.xcdatamodel */;
			path = Collection_App.xcdatamodeld;
			sourceTree = "<group>";
			versionGroupType = wrapper.xcdatamodel;
		};
/* End XCVersionGroup section */
	};
	rootObject = E99861C826A0D8070059F578 /* Project object */;
}
